# This file was autogenerated by Stack.
# You should not edit this file by hand.
# For more information, please see the documentation at:
#   https://docs.haskellstack.org/en/stable/lock_files

packages:
- completed:
    name: paganini-hs
    version: 0.3.0.0
    git: https://github.com/maciej-bendkowski/paganini-hs
    pantry-tree:
      size: 949
      sha256: c20a013dc0ceed7d03a3381d0e32b4122140e183b8b3f764b9fa493fda52bc5a
    commit: 941e8f6314ea49b79c2cf1a03924cbedc981917e
  original:
    git: https://github.com/maciej-bendkowski/paganini-hs
    commit: 941e8f6314ea49b79c2cf1a03924cbedc981917e
- completed:
    name: BinderAnn
    version: 0.1.0.0
    git: https://github.com/OctopiChalmers/BinderAnn
    pantry-tree:
      size: 1631
      sha256: 2e2b0b9828f0bd3698344940c4da689947b4530ae75ccc51b03c77db171244e3
    commit: 8f082b23ebd4e79e86e934f41ddfcba59652fadd
  original:
    git: https://github.com/OctopiChalmers/BinderAnn
    commit: 8f082b23ebd4e79e86e934f41ddfcba59652fadd
snapshots:
- completed:
    size: 586286
    url: https://raw.githubusercontent.com/commercialhaskell/stackage-snapshots/master/lts/18/16.yaml
    sha256: cdead65fca0323144b346c94286186f4969bf85594d649c49c7557295675d8a5
  original:
    url: https://raw.githubusercontent.com/commercialhaskell/stackage-snapshots/master/lts/18/16.yaml
